
Microsoft Visual Studio Solution File, Format Version 12.00
# Visual Studio 15
VisualStudioVersion = 15.0.27703.2000
MinimumVisualStudioVersion = 10.0.40219.1
Project("{8BC9CEB8-8B4A-11D0-8D11-00A0C91BC942}") = "Thanos", "Thanos\Thanos.vcxproj", "{0A17D494-2754-4E62-B211-468CB5D1A484}"
EndProject
Global
	GlobalSection(SolutionConfigurationPlatforms) = preSolution
		Debug|x64 = Debug|x64
		Debug|x86 = Debug|x86
		Release|x64 = Release|x64
		Release|x86 = Release|x86
	EndGlobalSection
	GlobalSection(ProjectConfigurationPlatforms) = postSolution
		{0A17D494-2754-4E62-B211-468CB5D1A484}.Debug|x64.ActiveCfg = Debug|x64
		{0A17D494-2754-4E62-B211-468CB5D1A484}.Debug|x64.Build.0 = Debug|x64
		{0A17D494-2754-4E62-B211-468CB5D1A484}.Debug|x86.ActiveCfg = Debug|Win32
		{0A17D494-2754-4E62-B211-468CB5D1A484}.Debug|x86.Build.0 = Debug|Win32
		{0A17D494-2754-4E62-B211-468CB5D1A484}.Release|x64.ActiveCfg = Release|x64
		{0A17D494-2754-4E62-B211-468CB5D1A484}.Release|x64.Build.0 = Release|x64
		{0A17D494-2754-4E62-B211-468CB5D1A484}.Release|x86.ActiveCfg = Release|Win32
		{0A17D494-2754-4E62-B211-468CB5D1A484}.Release|x86.Build.0 = Release|Win32
	EndGlobalSection
	GlobalSection(SolutionProperties) = preSolution
		HideSolutionNode = FALSE
	EndGlobalSection
	GlobalSection(ExtensibilityGlobals) = postSolution
		SolutionGuid = {03E57CD9-65E8-4933-A16C-BB57F7A4B078}
	EndGlobalSection
EndGlobal
